
Microsoft Visual Studio Solution File, Format Version 12.00
# Visual Studio Version 17
VisualStudioVersion = 17.4.33110.190
MinimumVisualStudioVersion = 10.0.40219.1
Project("{FAE04EC0-301F-11D3-BF4B-00C04F79EFBC}") = "exemplo_docker_sem_docker", "exemplo_docker_sem_docker\exemplo_docker_sem_docker.csproj", "{FA04B261-5EF9-4BAD-B918-C5056F7C7756}"
EndProject
Global
	GlobalSection(SolutionConfigurationPlatforms) = preSolution
		Debug|Any CPU = Debug|Any CPU
		Release|Any CPU = Release|Any CPU
	EndGlobalSection
	GlobalSection(ProjectConfigurationPlatforms) = postSolution
		{FA04B261-5EF9-4BAD-B918-C5056F7C7756}.Debug|Any CPU.ActiveCfg = Debug|Any CPU
		{FA04B261-5EF9-4BAD-B918-C5056F7C7756}.Debug|Any CPU.Build.0 = Debug|Any CPU
		{FA04B261-5EF9-4BAD-B918-C5056F7C7756}.Release|Any CPU.ActiveCfg = Release|Any CPU
		{FA04B261-5EF9-4BAD-B918-C5056F7C7756}.Release|Any CPU.Build.0 = Release|Any CPU
	EndGlobalSection
	GlobalSection(SolutionProperties) = preSolution
		HideSolutionNode = FALSE
	EndGlobalSection
	GlobalSection(ExtensibilityGlobals) = postSolution
		SolutionGuid = {644B801D-3D96-494E-9557-68C44B89AB6A}
	EndGlobalSection
EndGlobal
